# THIS IS AN AUTOGENERATED FILE. DO NOT EDIT THIS FILE DIRECTLY.
# yarn lockfile v1


"@babel/runtime@^7.1.2", "@babel/runtime@^7.2.0":
  version "7.4.5"
  resolved "https://registry.yarnpkg.com/@babel/runtime/-/runtime-7.4.5.tgz#582bb531f5f9dc67d2fcb682979894f75e253f12"
  integrity sha512-TuI4qpWZP6lGOGIuGWtp9sPluqYICmbk8T/1vpSysqJxRPkudh/ofFWyqdcMsDf2s7KvDL4/YHgKyvcS3g9CJQ==
  dependencies:
    regenerator-runtime "^0.13.2"

"@staccx/animations@^9.0.0-alpha.2":
  version "9.0.0-alpha.2"
  resolved "https://stacc.jfrog.io/stacc/api/npm/npm/@staccx/animations/-/@staccx/animations-9.0.0-alpha.2.tgz#127f185b1cc86be16a7fe2f6b8d2682f572be496"
  integrity sha1-En8YWxzIa+Fqf+L2uNJoL1cr5JY=

"@staccx/animations@^9.0.0-alpha.41":
  version "9.0.0-alpha.41"
  resolved "https://stacc.jfrog.io/stacc/api/npm/npm/@staccx/animations/-/@staccx/animations-9.0.0-alpha.41.tgz#f1dbe39a5e90f2cc6dd625c0a40e022e41e4fffb"
  integrity sha1-8dvjml6Q8sxt1iXApA4CLkHk//s=

"@staccx/base@^9.0.0-alpha.27":
  version "9.0.0-alpha.27"
  resolved "https://stacc.jfrog.io/stacc/api/npm/npm/@staccx/base/-/@staccx/base-9.0.0-alpha.27.tgz#45542e79f9213e4b3b5339f64f10223a4feadf98"
  integrity sha1-RVQuefkhPks7Uzn2TxAiOk/q35g=
  dependencies:
    "@staccx/animations" "^9.0.0-alpha.2"
    "@staccx/formatting" "^9.0.0-alpha.4"
    "@staccx/i18n" "^9.0.0-alpha.3"
    "@staccx/math" "^9.0.0-alpha.2"
    "@staccx/utils" "^9.0.0-alpha.2"
    axios "^0.18.0"
    babel-plugin-prismjs "^1.0.2"
    cleave.js "^1.4.4"
    copy-to-clipboard "^3.0.8"
    downshift "^3.1.2"
    easing-utils "^0.0.7"
    es6-promise "^4.2.4"
    formik "^0.11.11"
    fuse.js "^3.4.4"
    immutable "^4.0.0-rc.12"
    isomorphic-fetch "^2.2.1"
    js-search "^1.4.2"
    libphonenumber-js "^1.7.8"
    lodash.debounce "^4.0.8"
    lodash.isequal "^4.5.0"
    loglevel "^1.6.1"
    polished "^2.3.0"
    prismjs "^1.15.0"
    prop-types "^15.6.2"
    react "^16.8.6"
    react-compound-slider "^0.16.2"
    react-traverse "^1.0.0"
    tinycolor2 "^1.4.1"
    webfontloader "^1.6.28"
    yup "^0.24.1"

"@staccx/base@^9.0.0-alpha.41":
  version "9.0.0-alpha.41"
  resolved "https://stacc.jfrog.io/stacc/api/npm/npm/@staccx/base/-/@staccx/base-9.0.0-alpha.41.tgz#abbd0f23264e72cb3dfd1829ff9ed63081e98abb"
  integrity sha1-q70PIyZOcss9/Rgp/57WMIHpirs=
  dependencies:
    "@staccx/animations" "^9.0.0-alpha.41"
    "@staccx/formatting" "^9.0.0-alpha.41"
    "@staccx/i18n" "^9.0.0-alpha.41"
    "@staccx/math" "^9.0.0-alpha.41"
    "@staccx/utils" "^9.0.0-alpha.41"
    axios "^0.18.0"
    babel-plugin-prismjs "^1.0.2"
    cleave.js "^1.4.4"
    copy-to-clipboard "^3.0.8"
    downshift "^3.1.2"
    easing-utils "^0.0.7"
    es6-promise "^4.2.4"
    formik "^0.11.11"
    fuse.js "^3.4.4"
    immutable "^4.0.0-rc.12"
    isomorphic-fetch "^2.2.1"
    js-search "^1.4.2"
    libphonenumber-js "^1.7.8"
    lodash.debounce "^4.0.8"
    lodash.isequal "^4.5.0"
    loglevel "^1.6.1"
    polished "^2.3.0"
    prismjs "^1.15.0"
    prop-types "^15.6.2"
    react-compound-slider "^0.16.2"
    react-traverse "^1.0.0"
    tinycolor2 "^1.4.1"
    webfontloader "^1.6.28"
    yup "^0.24.1"

"@staccx/formatting@^9.0.0-alpha.4":
  version "9.0.0-alpha.4"
  resolved "https://stacc.jfrog.io/stacc/api/npm/npm/@staccx/formatting/-/@staccx/formatting-9.0.0-alpha.4.tgz#3fbbb31e107b6859f6ff7fc1ff652d42474b290d"
  integrity sha1-P7uzHhB7aFn2/3/B/2UtQkdLKQ0=
  dependencies:
    accounting "^0.4.1"
    date-fns v2.0.0-alpha.27

"@staccx/formatting@^9.0.0-alpha.41":
  version "9.0.0-alpha.41"
  resolved "https://stacc.jfrog.io/stacc/api/npm/npm/@staccx/formatting/-/@staccx/formatting-9.0.0-alpha.41.tgz#4f347334d74aa5dbc2f5e758dad6c3ce1a08cdfa"
  integrity sha1-TzRzNNdKpdvC9edY2tbDzhoIzfo=
  dependencies:
    accounting "^0.4.1"
    date-fns v2.0.0-alpha.27

"@staccx/fundu-theme@^9.0.0-alpha.41":
  version "9.0.0-alpha.41"
  resolved "https://stacc.jfrog.io/stacc/api/npm/npm/@staccx/fundu-theme/-/@staccx/fundu-theme-9.0.0-alpha.41.tgz#cce845cf83c75671ce973c4fbeeff43ac336e61f"
  integrity sha1-zOhFz4PHVnHOlzxPvu/0OsM25h8=
  dependencies:
    "@staccx/base" "^9.0.0-alpha.41"
    polished "^2.3.0"

"@staccx/i18n@^9.0.0-alpha.3":
  version "9.0.0-alpha.3"
  resolved "https://stacc.jfrog.io/stacc/api/npm/npm/@staccx/i18n/-/@staccx/i18n-9.0.0-alpha.3.tgz#6ed4689cc5febbe141203a9f5519c7dbe35d39cf"
  integrity sha1-btRonMX+u+FBIDqfVRnH2+NdOc8=
  dependencies:
    loglevel "^1.6.1"
    string-format-obj "^1.1.1"

"@staccx/i18n@^9.0.0-alpha.41":
  version "9.0.0-alpha.41"
  resolved "https://stacc.jfrog.io/stacc/api/npm/npm/@staccx/i18n/-/@staccx/i18n-9.0.0-alpha.41.tgz#4cfc4ca0f42aca2fb2a5b8d5d243ee10f1b3bfdd"
  integrity sha1-TPxMoPQqyi+ypbjV0kPuEPGzv90=
  dependencies:
    loglevel "^1.6.1"
    string-format-obj "^1.1.1"

"@staccx/math@^9.0.0-alpha.2":
  version "9.0.0-alpha.2"
  resolved "https://stacc.jfrog.io/stacc/api/npm/npm/@staccx/math/-/@staccx/math-9.0.0-alpha.2.tgz#e9d6ec66446a90e80e6910937ce9c97f4ba6d97f"
  integrity sha1-6dbsZkRqkOgOaRCTfOnJf0um2X8=

"@staccx/math@^9.0.0-alpha.41":
  version "9.0.0-alpha.41"
  resolved "https://stacc.jfrog.io/stacc/api/npm/npm/@staccx/math/-/@staccx/math-9.0.0-alpha.41.tgz#32ada16a23043566b3bc322f452ee50502e0d86f"
  integrity sha1-Mq2haiMENWazvDIvRS7lBQLg2G8=

"@staccx/nordea-theme@^9.0.0-alpha.41":
  version "9.0.0-alpha.41"
  resolved "https://stacc.jfrog.io/stacc/api/npm/npm/@staccx/nordea-theme/-/@staccx/nordea-theme-9.0.0-alpha.41.tgz#689a8bf3e443f5f8e3816fcb83157b83dffc4978"
  integrity sha1-aJqL8+RD9fjjgW/LgxV7g9/8SXg=
  dependencies:
    "@staccx/animations" "^9.0.0-alpha.41"
    "@staccx/base" "^9.0.0-alpha.41"

"@staccx/utils@^9.0.0-alpha.2":
  version "9.0.0-alpha.2"
  resolved "https://stacc.jfrog.io/stacc/api/npm/npm/@staccx/utils/-/@staccx/utils-9.0.0-alpha.2.tgz#23c2779c6426c0e696733654b8063bc299315fbd"
  integrity sha1-I8J3nGQmwOaWczZUuAY7wpkxX70=

"@staccx/utils@^9.0.0-alpha.41":
  version "9.0.0-alpha.41"
  resolved "https://stacc.jfrog.io/stacc/api/npm/npm/@staccx/utils/-/@staccx/utils-9.0.0-alpha.41.tgz#222f2c2dda9aa8b91b8a01c75fc0183a939884ef"
  integrity sha1-Ii8sLdqaqLkbigHHX8AYOpOYhO8=

accounting@^0.4.1:
  version "0.4.1"
  resolved "https://registry.yarnpkg.com/accounting/-/accounting-0.4.1.tgz#87dd4103eff7f4460f1e186f5c677ed6cf566883"
  integrity sha1-h91BA+/39EYPHhhvXGd+1s9WaIM=

axios@^0.18.0:
  version "0.18.1"
  resolved "https://registry.yarnpkg.com/axios/-/axios-0.18.1.tgz#ff3f0de2e7b5d180e757ad98000f1081b87bcea3"
  integrity sha512-0BfJq4NSfQXd+SkFdrvFbG7addhYSBA2mQwISr46pD6E5iqkWg02RAs8vyTT/j0RTnoYmeXauBuSv1qKwR179g==
  dependencies:
    follow-redirects "1.5.10"
    is-buffer "^2.0.2"

babel-plugin-prismjs@^1.0.2:
  version "1.0.2"
  resolved "https://registry.yarnpkg.com/babel-plugin-prismjs/-/babel-plugin-prismjs-1.0.2.tgz#837bf6b32168b3ba624c054fc755946deb1b63fa"
  integrity sha512-WbUE86Aih6h6daLpyavuikEXECrkon21oWh4MOHa5stMfY/IK1e/Sr79qEGhl7KrL16fMChB3tdbVR82ubnzOg==

case@^1.2.1:
  version "1.6.1"
  resolved "https://registry.yarnpkg.com/case/-/case-1.6.1.tgz#fa9ce79bb6f68f21650c419ae9c47b079308714f"
  integrity sha512-N0rDB5ftMDKANGsIBRWPWcG0VIKtirgqcXb2vKFi66ySAjXVEwbfCN7ass1mkdXO8fbol3RfbWlQ9KyBX2F/Gg==

cleave.js@^1.4.4:
  version "1.5.0"
  resolved "https://registry.yarnpkg.com/cleave.js/-/cleave.js-1.5.0.tgz#f71d83095becab5f7663591f710957c53bd77b11"
  integrity sha512-VYhsMxEReQT72sXs5FmsDvIYOBjmSl+IyiFNwjZDVFCPeo3mxNBRLTTBYRezyKHsyR8fGiy3FNxgozPTkq7U7Q==

clipboard@^2.0.0:
  version "2.0.4"
  resolved "https://registry.yarnpkg.com/clipboard/-/clipboard-2.0.4.tgz#836dafd66cf0fea5d71ce5d5b0bf6e958009112d"
  integrity sha512-Vw26VSLRpJfBofiVaFb/I8PVfdI1OxKcYShe6fm0sP/DtmiWQNCjhM/okTvdCo0G+lMMm1rMYbk4IK4x1X+kgQ==
  dependencies:
    good-listener "^1.2.2"
    select "^1.1.2"
    tiny-emitter "^2.0.0"

compute-scroll-into-view@^1.0.9:
  version "1.0.11"
  resolved "https://registry.yarnpkg.com/compute-scroll-into-view/-/compute-scroll-into-view-1.0.11.tgz#7ff0a57f9aeda6314132d8994cce7aeca794fecf"
  integrity sha512-uUnglJowSe0IPmWOdDtrlHXof5CTIJitfJEyITHBW6zDVOGu9Pjk5puaLM73SLcwak0L4hEjO7Td88/a6P5i7A==

copy-to-clipboard@^3.0.8:
  version "3.2.0"
  resolved "https://registry.yarnpkg.com/copy-to-clipboard/-/copy-to-clipboard-3.2.0.tgz#d2724a3ccbfed89706fac8a894872c979ac74467"
  integrity sha512-eOZERzvCmxS8HWzugj4Uxl8OJxa7T2k1Gi0X5qavwydHIfuSHq2dTD09LOg/XyGq4Zpb5IsR/2OJ5lbOegz78w==
  dependencies:
    toggle-selection "^1.0.6"

d3-array@^1.2.4:
  version "1.2.4"
  resolved "https://registry.yarnpkg.com/d3-array/-/d3-array-1.2.4.tgz#635ce4d5eea759f6f605863dbcfc30edc737f71f"
  integrity sha512-KHW6M86R+FUPYGb3R5XiYjXPq7VzwxZ22buHhAEVG5ztoEcZZMLov530mmccaqA1GghZArjQV46fuc8kUqhhHw==

date-fns@v2.0.0-alpha.27:
  version "2.0.0-alpha.27"
  resolved "https://registry.yarnpkg.com/date-fns/-/date-fns-2.0.0-alpha.27.tgz#5ecd4204ef0e7064264039570f6e8afbc014481c"
  integrity sha512-cqfVLS+346P/Mpj2RpDrBv0P4p2zZhWWvfY5fuWrXNR/K38HaAGEkeOwb47hIpQP9Jr/TIxjZ2/sNMQwdXuGMg==

debug@=3.1.0:
  version "3.1.0"
  resolved "https://registry.yarnpkg.com/debug/-/debug-3.1.0.tgz#5bb5a0672628b64149566ba16819e61518c67261"
  integrity sha512-OX8XqP7/1a9cqkxYw2yXss15f26NKWBpDXQd0/uK/KPqdQhxbPa994hnzjcE2VqQpDslf55723cKPUOGSmMY3g==
  dependencies:
    ms "2.0.0"

delegate@^3.1.2:
  version "3.2.0"
  resolved "https://registry.yarnpkg.com/delegate/-/delegate-3.2.0.tgz#b66b71c3158522e8ab5744f720d8ca0c2af59166"
  integrity sha512-IofjkYBZaZivn0V8nnsMJGBr4jVLxHDheKSW88PyxS5QC4Vo9ZbZVvhzlSxY87fVq3STR6r+4cGepyHkcWOQSw==

downshift@^3.1.2:
  version "3.2.10"
  resolved "https://registry.yarnpkg.com/downshift/-/downshift-3.2.10.tgz#00f8e50383199c3f07ce63b575a840e2918b7b9f"
  integrity sha512-fEYNbV/qDLUHTxF9wALNe51Xe5zauUhy2sqgYG1CtmAfUFMI30UuSaisU8CD0DEsFSIsaEvsVgtabb6nTEhtaA==
  dependencies:
    "@babel/runtime" "^7.1.2"
    compute-scroll-into-view "^1.0.9"
    prop-types "^15.6.0"
    react-is "^16.5.2"

easing-utils@^0.0.7:
  version "0.0.7"
  resolved "https://registry.yarnpkg.com/easing-utils/-/easing-utils-0.0.7.tgz#db56bb5f526ff05fd83a5cdb37343ebf91a5b066"
  integrity sha1-21a7X1Jv8F/YOlzbNzQ+v5GlsGY=

encoding@^0.1.11:
  version "0.1.12"
  resolved "https://registry.yarnpkg.com/encoding/-/encoding-0.1.12.tgz#538b66f3ee62cd1ab51ec323829d1f9480c74beb"
  integrity sha1-U4tm8+5izRq1HsMjgp0flIDHS+s=
  dependencies:
    iconv-lite "~0.4.13"

es6-promise@^4.2.4:
  version "4.2.8"
  resolved "https://registry.yarnpkg.com/es6-promise/-/es6-promise-4.2.8.tgz#4eb21594c972bc40553d276e510539143db53e0a"
  integrity sha512-HJDGx5daxeIvxdBxvG2cb9g4tEvwIk3i8+nhX0yGrYmZUzbkdg8QbDevheDB8gd0//uPj4c1EQua8Q+MViT0/w==

fn-name@~1.0.1:
  version "1.0.1"
  resolved "https://registry.yarnpkg.com/fn-name/-/fn-name-1.0.1.tgz#de8d8a15388b33cbf2145782171f73770c6030f0"
  integrity sha1-3o2KFTiLM8vyFFeCFx9zdwxgMPA=

follow-redirects@1.5.10:
  version "1.5.10"
  resolved "https://registry.yarnpkg.com/follow-redirects/-/follow-redirects-1.5.10.tgz#7b7a9f9aea2fdff36786a94ff643ed07f4ff5e2a"
  integrity sha512-0V5l4Cizzvqt5D44aTXbFZz+FtyXV1vrDN6qrelxtfYQKW0KO0W2T/hkE8xvGa/540LkZlkaUjO4ailYTFtHVQ==
  dependencies:
    debug "=3.1.0"

formik@^0.11.11:
  version "0.11.11"
  resolved "https://registry.yarnpkg.com/formik/-/formik-0.11.11.tgz#4b02838133c0196b1ef443aa973766cd097ec4a5"
  integrity sha1-SwKDgTPAGWse9EOqlzdmzQl+xKU=
  dependencies:
    lodash.clonedeep "^4.5.0"
    lodash.isequal "4.5.0"
    lodash.topath "4.5.2"
    prop-types "^15.5.10"
    warning "^3.0.0"

fuse.js@^3.4.4:
  version "3.4.5"
  resolved "https://registry.yarnpkg.com/fuse.js/-/fuse.js-3.4.5.tgz#8954fb43f9729bd5dbcb8c08f251db552595a7a6"
  integrity sha512-s9PGTaQIkT69HaeoTVjwGsLfb8V8ScJLx5XGFcKHg0MqLUH/UZ4EKOtqtXX9k7AFqCGxD1aJmYb8Q5VYDibVRQ==

good-listener@^1.2.2:
  version "1.2.2"
  resolved "https://registry.yarnpkg.com/good-listener/-/good-listener-1.2.2.tgz#d53b30cdf9313dffb7dc9a0d477096aa6d145c50"
  integrity sha1-1TswzfkxPf+33JoNR3CWqm0UXFA=
  dependencies:
    delegate "^3.1.2"

iconv-lite@~0.4.13:
  version "0.4.24"
  resolved "https://registry.yarnpkg.com/iconv-lite/-/iconv-lite-0.4.24.tgz#2022b4b25fbddc21d2f524974a474aafe733908b"
  integrity sha512-v3MXnZAcvnywkTUEZomIActle7RXXeedOR31wwl7VlyoXO4Qi9arvSenNQWne1TcRwhCL1HwLI21bEqdpj8/rA==
  dependencies:
    safer-buffer ">= 2.1.2 < 3"

immutable@^4.0.0-rc.12:
  version "4.0.0-rc.12"
  resolved "https://registry.yarnpkg.com/immutable/-/immutable-4.0.0-rc.12.tgz#ca59a7e4c19ae8d9bf74a97bdf0f6e2f2a5d0217"
  integrity sha512-0M2XxkZLx/mi3t8NVwIm1g8nHoEmM9p9UBl/G9k4+hm0kBgOVdMV/B3CY5dQ8qG8qc80NN4gDV4HQv6FTJ5q7A==

is-buffer@^2.0.2:
  version "2.0.3"
  resolved "https://registry.yarnpkg.com/is-buffer/-/is-buffer-2.0.3.tgz#4ecf3fcf749cbd1e472689e109ac66261a25e725"
  integrity sha512-U15Q7MXTuZlrbymiz95PJpZxu8IlipAp4dtS3wOdgPXx3mqBnslrWU14kxfHB+Py/+2PVKSr37dMAgM2A4uArw==

is-stream@^1.0.1:
  version "1.1.0"
  resolved "https://registry.yarnpkg.com/is-stream/-/is-stream-1.1.0.tgz#12d4a3dd4e68e0b79ceb8dbc84173ae80d91ca44"
  integrity sha1-EtSj3U5o4Lec6428hBc66A2RykQ=

isomorphic-fetch@^2.2.1:
  version "2.2.1"
  resolved "https://registry.yarnpkg.com/isomorphic-fetch/-/isomorphic-fetch-2.2.1.tgz#611ae1acf14f5e81f729507472819fe9733558a9"
  integrity sha1-YRrhrPFPXoH3KVB0coGf6XM1WKk=
  dependencies:
    node-fetch "^1.0.1"
    whatwg-fetch ">=0.10.0"

js-search@^1.4.2:
  version "1.4.2"
  resolved "https://registry.yarnpkg.com/js-search/-/js-search-1.4.2.tgz#59a91e117d6badb20bf0d7643ba7577d5a81d7e2"
  integrity sha1-WakeEX1rrbIL8NdkO6dXfVqB1+I=

"js-tokens@^3.0.0 || ^4.0.0":
  version "4.0.0"
  resolved "https://registry.yarnpkg.com/js-tokens/-/js-tokens-4.0.0.tgz#19203fb59991df98e3a287050d4647cdeaf32499"
  integrity sha512-RdJUflcE3cUzKiMqQgsCu06FPu9UdIJO0beYbPhHN4k6apgJtifcoCtT9bcxOpYBtpD2kCM6Sbzg4CausW/PKQ==

libphonenumber-js@^1.7.8:
  version "1.7.19"
  resolved "https://registry.yarnpkg.com/libphonenumber-js/-/libphonenumber-js-1.7.19.tgz#3ce7c99493f594a1695489fc3fc6acc1b70023ac"
  integrity sha512-LnrzN5NA3mQAMtFzS3HzheIn9iDIROWSIV1cCUo56/t5StLuq4XNbO/k2ZrqL0frcMXCwjUSnOhFIEUQxsEcmQ==
  dependencies:
    minimist "^1.2.0"
    xml2js "^0.4.17"

lodash.clonedeep@^4.5.0:
  version "4.5.0"
  resolved "https://registry.yarnpkg.com/lodash.clonedeep/-/lodash.clonedeep-4.5.0.tgz#e23f3f9c4f8fbdde872529c1071857a086e5ccef"
  integrity sha1-4j8/nE+Pvd6HJSnBBxhXoIblzO8=

lodash.debounce@^4.0.8:
  version "4.0.8"
  resolved "https://registry.yarnpkg.com/lodash.debounce/-/lodash.debounce-4.0.8.tgz#82d79bff30a67c4005ffd5e2515300ad9ca4d7af"
  integrity sha1-gteb/zCmfEAF/9XiUVMArZyk168=

lodash.isequal@4.5.0, lodash.isequal@^4.5.0:
  version "4.5.0"
  resolved "https://registry.yarnpkg.com/lodash.isequal/-/lodash.isequal-4.5.0.tgz#415c4478f2bcc30120c22ce10ed3226f7d3e18e0"
  integrity sha1-QVxEePK8wwEgwizhDtMib30+GOA=

lodash.topath@4.5.2:
  version "4.5.2"
  resolved "https://registry.yarnpkg.com/lodash.topath/-/lodash.topath-4.5.2.tgz#3616351f3bba61994a0931989660bd03254fd009"
  integrity sha1-NhY1Hzu6YZlKCTGYlmC9AyVP0Ak=

lodash@^4.17.0:
  version "4.17.11"
  resolved "https://registry.yarnpkg.com/lodash/-/lodash-4.17.11.tgz#b39ea6229ef607ecd89e2c8df12536891cac9b8d"
  integrity sha512-cQKh8igo5QUhZ7lg38DYWAxMvjSAKG0A8wGSVimP07SIUEK2UO+arSRKbRZWtelMtN5V0Hkwh5ryOto/SshYIg==

loglevel@^1.6.1:
  version "1.6.3"
  resolved "https://registry.yarnpkg.com/loglevel/-/loglevel-1.6.3.tgz#77f2eb64be55a404c9fd04ad16d57c1d6d6b1280"
  integrity sha512-LoEDv5pgpvWgPF4kNYuIp0qqSJVWak/dML0RY74xlzMZiT9w77teNAwKYKWBTYjlokMirg+o3jBwp+vlLrcfAA==

loose-envify@^1.0.0, loose-envify@^1.1.0, loose-envify@^1.4.0:
  version "1.4.0"
  resolved "https://registry.yarnpkg.com/loose-envify/-/loose-envify-1.4.0.tgz#71ee51fa7be4caec1a63839f7e682d8132d30caf"
  integrity sha512-lyuxPGr/Wfhrlem2CL/UcnUc1zcqKAImBDzukY7Y5F/yQiNdko6+fRLevlw1HgMySw7f611UIY408EtxRSoK3Q==
  dependencies:
    js-tokens "^3.0.0 || ^4.0.0"

minimist@^1.2.0:
  version "1.2.0"
  resolved "https://registry.yarnpkg.com/minimist/-/minimist-1.2.0.tgz#a35008b20f41383eec1fb914f4cd5df79a264284"
  integrity sha1-o1AIsg9BOD7sH7kU9M1d95omQoQ=

ms@2.0.0:
  version "2.0.0"
  resolved "https://registry.yarnpkg.com/ms/-/ms-2.0.0.tgz#5608aeadfc00be6c2901df5f9861788de0d597c8"
  integrity sha1-VgiurfwAvmwpAd9fmGF4jeDVl8g=

node-fetch@^1.0.1:
  version "1.7.3"
  resolved "https://registry.yarnpkg.com/node-fetch/-/node-fetch-1.7.3.tgz#980f6f72d85211a5347c6b2bc18c5b84c3eb47ef"
  integrity sha512-NhZ4CsKx7cYm2vSrBAr2PvFOe6sWDf0UYLRqA6svUYg7+/TSfVAu49jYC4BvQ4Sms9SZgdqGBgroqfDhJdTyKQ==
  dependencies:
    encoding "^0.1.11"
    is-stream "^1.0.1"

object-assign@^4.1.1:
  version "4.1.1"
  resolved "https://registry.yarnpkg.com/object-assign/-/object-assign-4.1.1.tgz#2109adc7965887cfc05cbbd442cac8bfbb360863"
  integrity sha1-IQmtx5ZYh8/AXLvUQsrIv7s2CGM=

polished@^2.3.0:
  version "2.3.3"
  resolved "https://registry.yarnpkg.com/polished/-/polished-2.3.3.tgz#bdbaba962ba8271b0e11aa287f2befd4c87be99a"
  integrity sha512-59V4fDbdxtH4I1m9TWxFsoGJbC8nnOpUYo5uFmvMfKp9Qh+6suo4VMUle1TGIIUZIGxfkW+Rs485zPk0wcwR2Q==
  dependencies:
    "@babel/runtime" "^7.2.0"

prismjs@^1.15.0:
  version "1.16.0"
  resolved "https://registry.yarnpkg.com/prismjs/-/prismjs-1.16.0.tgz#406eb2c8aacb0f5f0f1167930cb83835d10a4308"
  integrity sha512-OA4MKxjFZHSvZcisLGe14THYsug/nF6O1f0pAJc0KN0wTyAcLqmsbE+lTGKSpyh+9pEW57+k6pg2AfYR+coyHA==
  optionalDependencies:
    clipboard "^2.0.0"

prop-types@^15.5.10, prop-types@^15.6.0, prop-types@^15.6.2:
  version "15.7.2"
  resolved "https://registry.yarnpkg.com/prop-types/-/prop-types-15.7.2.tgz#52c41e75b8c87e72b9d9360e0206b99dcbffa6c5"
  integrity sha512-8QQikdH7//R2vurIJSutZ1smHYTcLpRWEOlHnzcWHmBYrOGUysKwSsrC89BCiFj3CbrfJ/nXFdJepOVrY1GCHQ==
  dependencies:
    loose-envify "^1.4.0"
    object-assign "^4.1.1"
    react-is "^16.8.1"

property-expr@^1.2.0:
  version "1.5.1"
  resolved "https://registry.yarnpkg.com/property-expr/-/property-expr-1.5.1.tgz#22e8706894a0c8e28d58735804f6ba3a3673314f"
  integrity sha512-CGuc0VUTGthpJXL36ydB6jnbyOf/rAHFvmVrJlH+Rg0DqqLFQGAP6hIaxD/G0OAmBJPhXDHuEJigrp0e0wFV6g==

react-compound-slider@^0.16.2:
  version "0.16.3"
  resolved "https://registry.yarnpkg.com/react-compound-slider/-/react-compound-slider-0.16.3.tgz#dedf4732dbeed71382f815e1b82c29439dc5e691"
  integrity sha512-0HQ7sj6bcMWtkFAkhwDMCWYlA3gKqg8BEmZWBiNJPQ25Lu6Hg90xtrO0Fq1e+wWYtKE0Mm1nFS+5CZcRq+LiEg==
  dependencies:
    d3-array "^1.2.4"
    prop-types "^15.6.2"
    warning "^3.0.0"

react-is@^16.5.2, react-is@^16.8.1:
  version "16.8.6"
  resolved "https://registry.yarnpkg.com/react-is/-/react-is-16.8.6.tgz#5bbc1e2d29141c9fbdfed456343fe2bc430a6a16"
  integrity sha512-aUk3bHfZ2bRSVFFbbeVS4i+lNPZr3/WM5jT2J5omUVV1zzcs1nAaf3l51ctA5FFvCRbhrH0bdAsRRQddFJZPtA==

react-traverse@^1.0.0:
  version "1.0.0"
  resolved "https://registry.yarnpkg.com/react-traverse/-/react-traverse-1.0.0.tgz#0b57505a7e31d455e035e4726bf7ea04f72ecde8"
  integrity sha512-V/U6LVk2SQ94O1izh2a7oq/Tlw4nHyv1Zsu9qivnaDsNzYQbw5NTziBI1Wyuyz5tEP9JhqaXQ/W2GraVerNY2w==
  dependencies:
    weakmap-polyfill "^2.0.0"

react@^16.8.6:
  version "16.8.6"
  resolved "https://registry.yarnpkg.com/react/-/react-16.8.6.tgz#ad6c3a9614fd3a4e9ef51117f54d888da01f2bbe"
  integrity sha512-pC0uMkhLaHm11ZSJULfOBqV4tIZkx87ZLvbbQYunNixAAvjnC+snJCg0XQXn9VIsttVsbZP/H/ewzgsd5fxKXw==
  dependencies:
    loose-envify "^1.1.0"
    object-assign "^4.1.1"
    prop-types "^15.6.2"
    scheduler "^0.13.6"

regenerator-runtime@^0.13.2:
  version "0.13.2"
  resolved "https://registry.yarnpkg.com/regenerator-runtime/-/regenerator-runtime-0.13.2.tgz#32e59c9a6fb9b1a4aff09b4930ca2d4477343447"
  integrity sha512-S/TQAZJO+D3m9xeN1WTI8dLKBBiRgXBlTJvbWjCThHWZj9EvHK70Ff50/tYj2J/fvBY6JtFVwRuazHN2E7M9BA==

"safer-buffer@>= 2.1.2 < 3":
  version "2.1.2"
  resolved "https://registry.yarnpkg.com/safer-buffer/-/safer-buffer-2.1.2.tgz#44fa161b0187b9549dd84bb91802f9bd8385cd6a"
  integrity sha512-YZo3K82SD7Riyi0E1EQPojLz7kpepnSQI9IyPbHHg1XXXevb5dJI7tpyN2ADxGcQbHG7vcyRHk0cbwqcQriUtg==

sax@>=0.6.0:
  version "1.2.4"
  resolved "https://registry.yarnpkg.com/sax/-/sax-1.2.4.tgz#2816234e2378bddc4e5354fab5caa895df7100d9"
  integrity sha512-NqVDv9TpANUjFm0N8uM5GxL36UgKi9/atZw+x7YFnQ8ckwFGKrl4xX4yWtrey3UJm5nP1kUbnYgLopqWNSRhWw==

scheduler@^0.13.6:
  version "0.13.6"
  resolved "https://registry.yarnpkg.com/scheduler/-/scheduler-0.13.6.tgz#466a4ec332467b31a91b9bf74e5347072e4cd889"
  integrity sha512-IWnObHt413ucAYKsD9J1QShUKkbKLQQHdxRyw73sw4FN26iWr3DY/H34xGPe4nmL1DwXyWmSWmMrA9TfQbE/XQ==
  dependencies:
    loose-envify "^1.1.0"
    object-assign "^4.1.1"

select@^1.1.2:
  version "1.1.2"
  resolved "https://registry.yarnpkg.com/select/-/select-1.1.2.tgz#0e7350acdec80b1108528786ec1d4418d11b396d"
  integrity sha1-DnNQrN7ICxEIUoeG7B1EGNEbOW0=

string-format-obj@^1.1.1:
  version "1.1.1"
  resolved "https://registry.yarnpkg.com/string-format-obj/-/string-format-obj-1.1.1.tgz#c7612ca4e2ad923812a81db192dc291850aa1f65"
  integrity sha512-Mm+sROy+pHJmx0P/0Bs1uxIX6UhGJGj6xDGQZ5zh9v/SZRmLGevp+p0VJxV7lirrkAmQ2mvva/gHKpnF/pTb+Q==

synchronous-promise@^1.0.18:
  version "1.0.18"
  resolved "https://registry.yarnpkg.com/synchronous-promise/-/synchronous-promise-1.0.18.tgz#936e8763e6554088cdcf78dc64f7473b972fcefc"
  integrity sha512-UqMAK6BBBXu8qaDI5omlyV9iDpM9nQfgthaBOK0nlfXnMgiuOBv+meWG73CGeCCFRhOOOa2e4rvqYzfynzy5zg==

tiny-emitter@^2.0.0:
  version "2.1.0"
  resolved "https://registry.yarnpkg.com/tiny-emitter/-/tiny-emitter-2.1.0.tgz#1d1a56edfc51c43e863cbb5382a72330e3555423"
  integrity sha512-NB6Dk1A9xgQPMoGqC5CVXn123gWyte215ONT5Pp5a0yt4nlEoO1ZWeCwpncaekPHXO60i47ihFnZPiRPjRMq4Q==

tinycolor2@^1.4.1:
  version "1.4.1"
  resolved "https://registry.yarnpkg.com/tinycolor2/-/tinycolor2-1.4.1.tgz#f4fad333447bc0b07d4dc8e9209d8f39a8ac77e8"
  integrity sha1-9PrTM0R7wLB9TcjpIJ2POaisd+g=

toggle-selection@^1.0.6:
  version "1.0.6"
  resolved "https://registry.yarnpkg.com/toggle-selection/-/toggle-selection-1.0.6.tgz#6e45b1263f2017fa0acc7d89d78b15b8bf77da32"
  integrity sha1-bkWxJj8gF/oKzH2J14sVuL932jI=

toposort@^0.2.10:
  version "0.2.12"
  resolved "https://registry.yarnpkg.com/toposort/-/toposort-0.2.12.tgz#c7d2984f3d48c217315cc32d770888b779491e81"
  integrity sha1-x9KYTz1IwhcxXMMtdwiIt3lJHoE=

type-name@^2.0.1:
  version "2.0.2"
  resolved "https://registry.yarnpkg.com/type-name/-/type-name-2.0.2.tgz#efe7d4123d8ac52afff7f40c7e4dec5266008fb4"
  integrity sha1-7+fUEj2KxSr/9/QMfk3sUmYAj7Q=

warning@^3.0.0:
  version "3.0.0"
  resolved "https://registry.yarnpkg.com/warning/-/warning-3.0.0.tgz#32e5377cb572de4ab04753bdf8821c01ed605b7c"
  integrity sha1-MuU3fLVy3kqwR1O9+IIcAe1gW3w=
  dependencies:
    loose-envify "^1.0.0"

weakmap-polyfill@^2.0.0:
  version "2.0.0"
  resolved "https://registry.yarnpkg.com/weakmap-polyfill/-/weakmap-polyfill-2.0.0.tgz#8f28f935e3853896ad40747e5258db578d9dc8de"
  integrity sha1-jyj5NeOFOJatQHR+UljbV42dyN4=

webfontloader@^1.6.28:
  version "1.6.28"
  resolved "https://registry.yarnpkg.com/webfontloader/-/webfontloader-1.6.28.tgz#db786129253cb6e8eae54c2fb05f870af6675bae"
  integrity sha1-23hhKSU8tujq5UwvsF+HCvZnW64=

whatwg-fetch@>=0.10.0:
  version "3.0.0"
  resolved "https://registry.yarnpkg.com/whatwg-fetch/-/whatwg-fetch-3.0.0.tgz#fc804e458cc460009b1a2b966bc8817d2578aefb"
  integrity sha512-9GSJUgz1D4MfyKU7KRqwOjXCXTqWdFNvEr7eUBYchQiVc744mqK/MzXPNR2WsPkmkOa4ywfg8C2n8h+13Bey1Q==

xml2js@^0.4.17:
  version "0.4.19"
  resolved "https://registry.yarnpkg.com/xml2js/-/xml2js-0.4.19.tgz#686c20f213209e94abf0d1bcf1efaa291c7827a7"
  integrity sha512-esZnJZJOiJR9wWKMyuvSE1y6Dq5LCuJanqhxslH2bxM6duahNZ+HMpCLhBQGZkbX6xRf8x1Y2eJlgt2q3qo49Q==
  dependencies:
    sax ">=0.6.0"
    xmlbuilder "~9.0.1"

xmlbuilder@~9.0.1:
  version "9.0.7"
  resolved "https://registry.yarnpkg.com/xmlbuilder/-/xmlbuilder-9.0.7.tgz#132ee63d2ec5565c557e20f4c22df9aca686b10d"
  integrity sha1-Ey7mPS7FVlxVfiD0wi35rKaGsQ0=

yup@^0.24.1:
  version "0.24.1"
  resolved "https://registry.yarnpkg.com/yup/-/yup-0.24.1.tgz#2c8a81b5f929ef29aaf77a8b7c9acfa52ab6a7d1"
  integrity sha512-nTs4l4cPd4BcYueB/CKnWjbT6tuMv5nG3Ujes8jOugMYUb+UliZ3jC+LE26yQi6qV/XzbXyJCyRiMtIzsgw42Q==
  dependencies:
    case "^1.2.1"
    fn-name "~1.0.1"
    lodash "^4.17.0"
    property-expr "^1.2.0"
    synchronous-promise "^1.0.18"
    toposort "^0.2.10"
    type-name "^2.0.1"
