# THIS IS AN AUTOGENERATED FILE. DO NOT EDIT THIS FILE DIRECTLY.
# yarn lockfile v1


"@staccx/i18n@^9.0.0-alpha.41":
  version "9.0.0-alpha.41"
  resolved "https://stacc.jfrog.io/stacc/api/npm/npm/@staccx/i18n/-/@staccx/i18n-9.0.0-alpha.41.tgz#4cfc4ca0f42aca2fb2a5b8d5d243ee10f1b3bfdd"
  integrity sha1-TPxMoPQqyi+ypbjV0kPuEPGzv90=
  dependencies:
    loglevel "^1.6.1"
    string-format-obj "^1.1.1"

loglevel@^1.6.1:
  version "1.6.3"
  resolved "https://registry.yarnpkg.com/loglevel/-/loglevel-1.6.3.tgz#77f2eb64be55a404c9fd04ad16d57c1d6d6b1280"
  integrity sha512-LoEDv5pgpvWgPF4kNYuIp0qqSJVWak/dML0RY74xlzMZiT9w77teNAwKYKWBTYjlokMirg+o3jBwp+vlLrcfAA==

string-format-obj@^1.1.1:
  version "1.1.1"
  resolved "https://registry.yarnpkg.com/string-format-obj/-/string-format-obj-1.1.1.tgz#c7612ca4e2ad923812a81db192dc291850aa1f65"
  integrity sha512-Mm+sROy+pHJmx0P/0Bs1uxIX6UhGJGj6xDGQZ5zh9v/SZRmLGevp+p0VJxV7lirrkAmQ2mvva/gHKpnF/pTb+Q==
