# THIS IS AN AUTOGENERATED FILE. DO NOT EDIT THIS FILE DIRECTLY.
# yarn lockfile v1


accounting@^0.4.1:
  version "0.4.1"
  resolved "https://registry.yarnpkg.com/accounting/-/accounting-0.4.1.tgz#87dd4103eff7f4460f1e186f5c677ed6cf566883"

date-fns@v2.0.0-alpha.27:
  version "2.0.0-alpha.27"
  resolved "https://registry.yarnpkg.com/date-fns/-/date-fns-2.0.0-alpha.27.tgz#5ecd4204ef0e7064264039570f6e8afbc014481c"
  integrity sha512-cqfVLS+346P/Mpj2RpDrBv0P4p2zZhWWvfY5fuWrXNR/K38HaAGEkeOwb47hIpQP9Jr/TIxjZ2/sNMQwdXuGMg==
