# THIS IS AN AUTOGENERATED FILE. DO NOT EDIT THIS FILE DIRECTLY.
# yarn lockfile v1


loglevel@^1.6.1:
  version "1.6.2"
  resolved "https://registry.yarnpkg.com/loglevel/-/loglevel-1.6.2.tgz#668c77948a03dbd22502a3513ace1f62a80cc372"
  integrity sha512-Jt2MHrCNdtIe1W6co3tF5KXGRkzF+TYffiQstfXa04mrss9IKXzAAXYWak8LbZseAQY03sH2GzMCMU0ZOUc9bg==

string-format-obj@^1.1.1:
  version "1.1.1"
  resolved "https://registry.yarnpkg.com/string-format-obj/-/string-format-obj-1.1.1.tgz#c7612ca4e2ad923812a81db192dc291850aa1f65"
  integrity sha512-Mm+sROy+pHJmx0P/0Bs1uxIX6UhGJGj6xDGQZ5zh9v/SZRmLGevp+p0VJxV7lirrkAmQ2mvva/gHKpnF/pTb+Q==
