# THIS IS AN AUTOGENERATED FILE. DO NOT EDIT THIS FILE DIRECTLY.
# yarn lockfile v1


"@staccx/formatting@^8.87.0":
  version "8.87.0"
  resolved "https://stacc.jfrog.io/stacc/api/npm/npm/@staccx/formatting/-/@staccx/formatting-8.87.0.tgz#d7882ebf6e0f3858ea42b2f0b602f1743d3141ae"
  integrity sha1-14guv24POFjqQrLwtgLxdD0xQa4=
  dependencies:
    accounting "^0.4.1"
    date-fns v2.0.0-alpha.27

accounting@^0.4.1:
  version "0.4.1"
  resolved "https://registry.yarnpkg.com/accounting/-/accounting-0.4.1.tgz#87dd4103eff7f4460f1e186f5c677ed6cf566883"
  integrity sha1-h91BA+/39EYPHhhvXGd+1s9WaIM=

date-fns@v2.0.0-alpha.27:
  version "2.0.0-alpha.27"
  resolved "https://registry.yarnpkg.com/date-fns/-/date-fns-2.0.0-alpha.27.tgz#5ecd4204ef0e7064264039570f6e8afbc014481c"
  integrity sha512-cqfVLS+346P/Mpj2RpDrBv0P4p2zZhWWvfY5fuWrXNR/K38HaAGEkeOwb47hIpQP9Jr/TIxjZ2/sNMQwdXuGMg==

loglevel@^1.6.1:
  version "1.6.2"
  resolved "https://registry.yarnpkg.com/loglevel/-/loglevel-1.6.2.tgz#668c77948a03dbd22502a3513ace1f62a80cc372"
  integrity sha512-Jt2MHrCNdtIe1W6co3tF5KXGRkzF+TYffiQstfXa04mrss9IKXzAAXYWak8LbZseAQY03sH2GzMCMU0ZOUc9bg==

string-format-obj@^1.1.1:
  version "1.1.1"
  resolved "https://registry.yarnpkg.com/string-format-obj/-/string-format-obj-1.1.1.tgz#c7612ca4e2ad923812a81db192dc291850aa1f65"
  integrity sha512-Mm+sROy+pHJmx0P/0Bs1uxIX6UhGJGj6xDGQZ5zh9v/SZRmLGevp+p0VJxV7lirrkAmQ2mvva/gHKpnF/pTb+Q==
