# THIS IS AN AUTOGENERATED FILE. DO NOT EDIT THIS FILE DIRECTLY.
# yarn lockfile v1


"@staccx/payment-plan@^1.2.0":
  version "1.2.0"
  resolved "https://stacc.jfrog.io/stacc/api/npm/npm/@staccx/payment-plan/-/@staccx/payment-plan-1.2.0.tgz#fa522deb0a490d49813dc454a16e79e1ab6791f1"
  integrity sha1-+lIt6wpJDUmBPcRUoW554atnkfE=

case@^1.2.1:
  version "1.6.1"
  resolved "https://registry.yarnpkg.com/case/-/case-1.6.1.tgz#fa9ce79bb6f68f21650c419ae9c47b079308714f"
  integrity sha512-N0rDB5ftMDKANGsIBRWPWcG0VIKtirgqcXb2vKFi66ySAjXVEwbfCN7ass1mkdXO8fbol3RfbWlQ9KyBX2F/Gg==

easing-utils@^0.0.7:
  version "0.0.7"
  resolved "https://registry.yarnpkg.com/easing-utils/-/easing-utils-0.0.7.tgz#db56bb5f526ff05fd83a5cdb37343ebf91a5b066"
  integrity sha1-21a7X1Jv8F/YOlzbNzQ+v5GlsGY=

fn-name@~1.0.1:
  version "1.0.1"
  resolved "https://registry.yarnpkg.com/fn-name/-/fn-name-1.0.1.tgz#de8d8a15388b33cbf2145782171f73770c6030f0"
  integrity sha1-3o2KFTiLM8vyFFeCFx9zdwxgMPA=

formik@^0.11.11:
  version "0.11.11"
  resolved "https://registry.yarnpkg.com/formik/-/formik-0.11.11.tgz#4b02838133c0196b1ef443aa973766cd097ec4a5"
  integrity sha1-SwKDgTPAGWse9EOqlzdmzQl+xKU=
  dependencies:
    lodash.clonedeep "^4.5.0"
    lodash.isequal "4.5.0"
    lodash.topath "4.5.2"
    prop-types "^15.5.10"
    warning "^3.0.0"

immediate@~3.0.5:
  version "3.0.6"
  resolved "https://registry.yarnpkg.com/immediate/-/immediate-3.0.6.tgz#9db1dbd0faf8de6fbe0f5dd5e56bb606280de69b"
  integrity sha1-nbHb0Pr43m++D13V5Wu2BigN5ps=

"js-tokens@^3.0.0 || ^4.0.0":
  version "4.0.0"
  resolved "https://registry.yarnpkg.com/js-tokens/-/js-tokens-4.0.0.tgz#19203fb59991df98e3a287050d4647cdeaf32499"
  integrity sha512-RdJUflcE3cUzKiMqQgsCu06FPu9UdIJO0beYbPhHN4k6apgJtifcoCtT9bcxOpYBtpD2kCM6Sbzg4CausW/PKQ==

lie@3.1.1:
  version "3.1.1"
  resolved "https://registry.yarnpkg.com/lie/-/lie-3.1.1.tgz#9a436b2cc7746ca59de7a41fa469b3efb76bd87e"
  integrity sha1-mkNrLMd0bKWd56QfpGmz77dr2H4=
  dependencies:
    immediate "~3.0.5"

localforage@^1.7.2:
  version "1.7.3"
  resolved "https://registry.yarnpkg.com/localforage/-/localforage-1.7.3.tgz#0082b3ca9734679e1bd534995bdd3b24cf10f204"
  integrity sha512-1TulyYfc4udS7ECSBT2vwJksWbkwwTX8BzeUIiq8Y07Riy7bDAAnxDaPU/tWyOVmQAcWJIEIFP9lPfBGqVoPgQ==
  dependencies:
    lie "3.1.1"

lodash.clonedeep@^4.5.0:
  version "4.5.0"
  resolved "https://registry.yarnpkg.com/lodash.clonedeep/-/lodash.clonedeep-4.5.0.tgz#e23f3f9c4f8fbdde872529c1071857a086e5ccef"
  integrity sha1-4j8/nE+Pvd6HJSnBBxhXoIblzO8=

lodash.isequal@4.5.0:
  version "4.5.0"
  resolved "https://registry.yarnpkg.com/lodash.isequal/-/lodash.isequal-4.5.0.tgz#415c4478f2bcc30120c22ce10ed3226f7d3e18e0"
  integrity sha1-QVxEePK8wwEgwizhDtMib30+GOA=

lodash.topath@4.5.2:
  version "4.5.2"
  resolved "https://registry.yarnpkg.com/lodash.topath/-/lodash.topath-4.5.2.tgz#3616351f3bba61994a0931989660bd03254fd009"
  integrity sha1-NhY1Hzu6YZlKCTGYlmC9AyVP0Ak=

lodash@^4.17.0:
  version "4.17.11"
  resolved "https://registry.yarnpkg.com/lodash/-/lodash-4.17.11.tgz#b39ea6229ef607ecd89e2c8df12536891cac9b8d"
  integrity sha512-cQKh8igo5QUhZ7lg38DYWAxMvjSAKG0A8wGSVimP07SIUEK2UO+arSRKbRZWtelMtN5V0Hkwh5ryOto/SshYIg==

loose-envify@^1.0.0, loose-envify@^1.4.0:
  version "1.4.0"
  resolved "https://registry.yarnpkg.com/loose-envify/-/loose-envify-1.4.0.tgz#71ee51fa7be4caec1a63839f7e682d8132d30caf"
  integrity sha512-lyuxPGr/Wfhrlem2CL/UcnUc1zcqKAImBDzukY7Y5F/yQiNdko6+fRLevlw1HgMySw7f611UIY408EtxRSoK3Q==
  dependencies:
    js-tokens "^3.0.0 || ^4.0.0"

national-id@^2.0.0:
  version "2.0.0"
  resolved "https://registry.yarnpkg.com/national-id/-/national-id-2.0.0.tgz#c6f50bd8ef7716085ed013b02d87b81eabda523c"
  integrity sha512-MrflJ8CBmxLBd8Z00NkLNvPKcFB7WTx1BsB0rjWfuzGRD1hU7GBhRoZr3AN0EtvU/iDAlcDpYY3Q/8QRtr6cuQ==

object-assign@^4.1.1:
  version "4.1.1"
  resolved "https://registry.yarnpkg.com/object-assign/-/object-assign-4.1.1.tgz#2109adc7965887cfc05cbbd442cac8bfbb360863"
  integrity sha1-IQmtx5ZYh8/AXLvUQsrIv7s2CGM=

prop-types@^15.5.0, prop-types@^15.5.10, prop-types@^15.6.2:
  version "15.7.2"
  resolved "https://registry.yarnpkg.com/prop-types/-/prop-types-15.7.2.tgz#52c41e75b8c87e72b9d9360e0206b99dcbffa6c5"
  integrity sha512-8QQikdH7//R2vurIJSutZ1smHYTcLpRWEOlHnzcWHmBYrOGUysKwSsrC89BCiFj3CbrfJ/nXFdJepOVrY1GCHQ==
  dependencies:
    loose-envify "^1.4.0"
    object-assign "^4.1.1"
    react-is "^16.8.1"

property-expr@^1.2.0:
  version "1.5.1"
  resolved "https://registry.yarnpkg.com/property-expr/-/property-expr-1.5.1.tgz#22e8706894a0c8e28d58735804f6ba3a3673314f"
  integrity sha512-CGuc0VUTGthpJXL36ydB6jnbyOf/rAHFvmVrJlH+Rg0DqqLFQGAP6hIaxD/G0OAmBJPhXDHuEJigrp0e0wFV6g==

react-is@^16.8.1:
  version "16.8.6"
  resolved "https://registry.yarnpkg.com/react-is/-/react-is-16.8.6.tgz#5bbc1e2d29141c9fbdfed456343fe2bc430a6a16"
  integrity sha512-aUk3bHfZ2bRSVFFbbeVS4i+lNPZr3/WM5jT2J5omUVV1zzcs1nAaf3l51ctA5FFvCRbhrH0bdAsRRQddFJZPtA==

react-loadable@^5.5.0:
  version "5.5.0"
  resolved "https://registry.yarnpkg.com/react-loadable/-/react-loadable-5.5.0.tgz#582251679d3da86c32aae2c8e689c59f1196d8c4"
  integrity sha512-C8Aui0ZpMd4KokxRdVAm2bQtI03k2RMRNzOB+IipV3yxFTSVICv7WoUr5L9ALB5BmKO1iHgZtWM8EvYG83otdg==
  dependencies:
    prop-types "^15.5.0"

synchronous-promise@^1.0.18:
  version "1.0.18"
  resolved "https://registry.yarnpkg.com/synchronous-promise/-/synchronous-promise-1.0.18.tgz#936e8763e6554088cdcf78dc64f7473b972fcefc"
  integrity sha512-UqMAK6BBBXu8qaDI5omlyV9iDpM9nQfgthaBOK0nlfXnMgiuOBv+meWG73CGeCCFRhOOOa2e4rvqYzfynzy5zg==

toposort@^0.2.10:
  version "0.2.12"
  resolved "https://registry.yarnpkg.com/toposort/-/toposort-0.2.12.tgz#c7d2984f3d48c217315cc32d770888b779491e81"
  integrity sha1-x9KYTz1IwhcxXMMtdwiIt3lJHoE=

type-name@^2.0.1:
  version "2.0.2"
  resolved "https://registry.yarnpkg.com/type-name/-/type-name-2.0.2.tgz#efe7d4123d8ac52afff7f40c7e4dec5266008fb4"
  integrity sha1-7+fUEj2KxSr/9/QMfk3sUmYAj7Q=

warning@^3.0.0:
  version "3.0.0"
  resolved "https://registry.yarnpkg.com/warning/-/warning-3.0.0.tgz#32e5377cb572de4ab04753bdf8821c01ed605b7c"
  integrity sha1-MuU3fLVy3kqwR1O9+IIcAe1gW3w=
  dependencies:
    loose-envify "^1.0.0"

yup@^0.24.1:
  version "0.24.1"
  resolved "https://registry.yarnpkg.com/yup/-/yup-0.24.1.tgz#2c8a81b5f929ef29aaf77a8b7c9acfa52ab6a7d1"
  integrity sha512-nTs4l4cPd4BcYueB/CKnWjbT6tuMv5nG3Ujes8jOugMYUb+UliZ3jC+LE26yQi6qV/XzbXyJCyRiMtIzsgw42Q==
  dependencies:
    case "^1.2.1"
    fn-name "~1.0.1"
    lodash "^4.17.0"
    property-expr "^1.2.0"
    synchronous-promise "^1.0.18"
    toposort "^0.2.10"
    type-name "^2.0.1"
